
Microsoft Visual Studio Solution File, Format Version 12.00
# Visual Studio Version 17
VisualStudioVersion = 17.5.002.0
MinimumVisualStudioVersion = 10.0.40219.1
Project("{9A19103F-16F7-4668-BE54-9A1E7A4F7556}") = "rpg_Class_Project", "rpg_Class_Project.csproj", "{61681006-C577-4495-90C0-8723765737E8}"
EndProject
Global
	GlobalSection(SolutionConfigurationPlatforms) = preSolution
		Debug|Any CPU = Debug|Any CPU
		Release|Any CPU = Release|Any CPU
	EndGlobalSection
	GlobalSection(ProjectConfigurationPlatforms) = postSolution
		{61681006-C577-4495-90C0-8723765737E8}.Debug|Any CPU.ActiveCfg = Debug|Any CPU
		{61681006-C577-4495-90C0-8723765737E8}.Debug|Any CPU.Build.0 = Debug|Any CPU
		{61681006-C577-4495-90C0-8723765737E8}.Release|Any CPU.ActiveCfg = Release|Any CPU
		{61681006-C577-4495-90C0-8723765737E8}.Release|Any CPU.Build.0 = Release|Any CPU
	EndGlobalSection
	GlobalSection(SolutionProperties) = preSolution
		HideSolutionNode = FALSE
	EndGlobalSection
	GlobalSection(ExtensibilityGlobals) = postSolution
		SolutionGuid = {14EC087E-2150-4530-ADD8-EA57709DD42D}
	EndGlobalSection
EndGlobal
